
Microsoft Visual Studio Solution File, Format Version 12.00
# Visual Studio Version 17
VisualStudioVersion = 17.10.35013.160
MinimumVisualStudioVersion = 10.0.40219.1
Project("{FAE04EC0-301F-11D3-BF4B-00C04F79EFBC}") = "WindowsFormsContacts", "WindowsFormsContacts\WindowsFormsContacts.csproj", "{A1E3A9BC-02A0-4494-B4F6-92F5DE28C5B6}"
EndProject
Global
	GlobalSection(SolutionConfigurationPlatforms) = preSolution
		Debug|Any CPU = Debug|Any CPU
		Release|Any CPU = Release|Any CPU
	EndGlobalSection
	GlobalSection(ProjectConfigurationPlatforms) = postSolution
		{A1E3A9BC-02A0-4494-B4F6-92F5DE28C5B6}.Debug|Any CPU.ActiveCfg = Debug|Any CPU
		{A1E3A9BC-02A0-4494-B4F6-92F5DE28C5B6}.Debug|Any CPU.Build.0 = Debug|Any CPU
		{A1E3A9BC-02A0-4494-B4F6-92F5DE28C5B6}.Release|Any CPU.ActiveCfg = Release|Any CPU
		{A1E3A9BC-02A0-4494-B4F6-92F5DE28C5B6}.Release|Any CPU.Build.0 = Release|Any CPU
	EndGlobalSection
	GlobalSection(SolutionProperties) = preSolution
		HideSolutionNode = FALSE
	EndGlobalSection
	GlobalSection(ExtensibilityGlobals) = postSolution
		SolutionGuid = {806F0DC3-9A6F-464B-AC84-A6CC76472CD1}
	EndGlobalSection
EndGlobal
